
Microsoft Visual Studio Solution File, Format Version 12.00
# Visual Studio Version 16
VisualStudioVersion = 16.0.33927.289
MinimumVisualStudioVersion = 10.0.40219.1
Project("{2150E333-8FDC-42A3-9474-1A3956D46DE8}") = "Task0", "Task0", "{9C37080B-FACC-4F87-A8EE-EA1F3D58E086}"
EndProject
Project("{FAE04EC0-301F-11D3-BF4B-00C04F79EFBC}") = "Tyuiu.DevjatkovaAA.Sprint6.Task0.V20.Lib", "Tyuiu.DevjatkovaAA.Sprint6.Task0.V20.Lib\Tyuiu.DevjatkovaAA.Sprint6.Task0.V20.Lib.csproj", "{3C616232-7938-4154-A4A9-3F350010E626}"
EndProject
Project("{FAE04EC0-301F-11D3-BF4B-00C04F79EFBC}") = "Tyuiu.DevjatkovaAA.Sprint6.Task0.V20.Test", "Tyuiu.DevjatkovaAA.Sprint6.Task0.V20.Test\Tyuiu.DevjatkovaAA.Sprint6.Task0.V20.Test.csproj", "{E192BD57-65CD-408F-A72F-6B9D98FFB7E2}"
EndProject
Project("{FAE04EC0-301F-11D3-BF4B-00C04F79EFBC}") = "Tyuiu.DevjatkovaAA.Sprint6.Task0.V20", "Tyuiu.DevjatkovaAA.Sprint6.Task0.V20\Tyuiu.DevjatkovaAA.Sprint6.Task0.V20.csproj", "{4E21BA70-52D8-47B9-9482-A24EED95ADD3}"
EndProject
Project("{2150E333-8FDC-42A3-9474-1A3956D46DE8}") = "Task1", "Task1", "{2E6AE0F7-4D0D-4321-A4CF-763D17A0F7AE}"
EndProject
Project("{FAE04EC0-301F-11D3-BF4B-00C04F79EFBC}") = "Tyuiu.DevjatkovaAA.Sprint6.Task1.V29.Lib", "Tyuiu.DevjatkovaAA.Sprint6.Task1.V29.Lib\Tyuiu.DevjatkovaAA.Sprint6.Task1.V29.Lib.csproj", "{23030644-57F8-41D9-ACBC-D6200250DAB4}"
EndProject
Project("{FAE04EC0-301F-11D3-BF4B-00C04F79EFBC}") = "Tyuiu.DevjatkovaAA.Sprint6.Task1.V29.Test", "Tyuiu.DevjatkovaAA.Sprint6.Task1.V29.Test\Tyuiu.DevjatkovaAA.Sprint6.Task1.V29.Test.csproj", "{B3088BAB-FD16-4D05-ADD4-9E0415EAEB79}"
EndProject
Project("{FAE04EC0-301F-11D3-BF4B-00C04F79EFBC}") = "Tyuiu.DevjatkovaAA.Sprint6.Task1.V29", "Tyuiu.DevjatkovaAA.Sprint6.Task1.V29\Tyuiu.DevjatkovaAA.Sprint6.Task1.V29.csproj", "{3BA314EF-EDBA-4CA8-B750-29925A815159}"
EndProject
Global
	GlobalSection(SolutionConfigurationPlatforms) = preSolution
		Debug|Any CPU = Debug|Any CPU
		Release|Any CPU = Release|Any CPU
	EndGlobalSection
	GlobalSection(ProjectConfigurationPlatforms) = postSolution
		{3C616232-7938-4154-A4A9-3F350010E626}.Debug|Any CPU.ActiveCfg = Debug|Any CPU
		{3C616232-7938-4154-A4A9-3F350010E626}.Debug|Any CPU.Build.0 = Debug|Any CPU
		{3C616232-7938-4154-A4A9-3F350010E626}.Release|Any CPU.ActiveCfg = Release|Any CPU
		{3C616232-7938-4154-A4A9-3F350010E626}.Release|Any CPU.Build.0 = Release|Any CPU
		{E192BD57-65CD-408F-A72F-6B9D98FFB7E2}.Debug|Any CPU.ActiveCfg = Debug|Any CPU
		{E192BD57-65CD-408F-A72F-6B9D98FFB7E2}.Debug|Any CPU.Build.0 = Debug|Any CPU
		{E192BD57-65CD-408F-A72F-6B9D98FFB7E2}.Release|Any CPU.ActiveCfg = Release|Any CPU
		{E192BD57-65CD-408F-A72F-6B9D98FFB7E2}.Release|Any CPU.Build.0 = Release|Any CPU
		{4E21BA70-52D8-47B9-9482-A24EED95ADD3}.Debug|Any CPU.ActiveCfg = Debug|Any CPU
		{4E21BA70-52D8-47B9-9482-A24EED95ADD3}.Debug|Any CPU.Build.0 = Debug|Any CPU
		{4E21BA70-52D8-47B9-9482-A24EED95ADD3}.Release|Any CPU.ActiveCfg = Release|Any CPU
		{4E21BA70-52D8-47B9-9482-A24EED95ADD3}.Release|Any CPU.Build.0 = Release|Any CPU
		{23030644-57F8-41D9-ACBC-D6200250DAB4}.Debug|Any CPU.ActiveCfg = Debug|Any CPU
		{23030644-57F8-41D9-ACBC-D6200250DAB4}.Debug|Any CPU.Build.0 = Debug|Any CPU
		{23030644-57F8-41D9-ACBC-D6200250DAB4}.Release|Any CPU.ActiveCfg = Release|Any CPU
		{23030644-57F8-41D9-ACBC-D6200250DAB4}.Release|Any CPU.Build.0 = Release|Any CPU
		{B3088BAB-FD16-4D05-ADD4-9E0415EAEB79}.Debug|Any CPU.ActiveCfg = Debug|Any CPU
		{B3088BAB-FD16-4D05-ADD4-9E0415EAEB79}.Debug|Any CPU.Build.0 = Debug|Any CPU
		{B3088BAB-FD16-4D05-ADD4-9E0415EAEB79}.Release|Any CPU.ActiveCfg = Release|Any CPU
		{B3088BAB-FD16-4D05-ADD4-9E0415EAEB79}.Release|Any CPU.Build.0 = Release|Any CPU
		{3BA314EF-EDBA-4CA8-B750-29925A815159}.Debug|Any CPU.ActiveCfg = Debug|Any CPU
		{3BA314EF-EDBA-4CA8-B750-29925A815159}.Debug|Any CPU.Build.0 = Debug|Any CPU
		{3BA314EF-EDBA-4CA8-B750-29925A815159}.Release|Any CPU.ActiveCfg = Release|Any CPU
		{3BA314EF-EDBA-4CA8-B750-29925A815159}.Release|Any CPU.Build.0 = Release|Any CPU
	EndGlobalSection
	GlobalSection(SolutionProperties) = preSolution
		HideSolutionNode = FALSE
	EndGlobalSection
	GlobalSection(NestedProjects) = preSolution
		{3C616232-7938-4154-A4A9-3F350010E626} = {9C37080B-FACC-4F87-A8EE-EA1F3D58E086}
		{E192BD57-65CD-408F-A72F-6B9D98FFB7E2} = {9C37080B-FACC-4F87-A8EE-EA1F3D58E086}
		{4E21BA70-52D8-47B9-9482-A24EED95ADD3} = {9C37080B-FACC-4F87-A8EE-EA1F3D58E086}
		{23030644-57F8-41D9-ACBC-D6200250DAB4} = {2E6AE0F7-4D0D-4321-A4CF-763D17A0F7AE}
		{B3088BAB-FD16-4D05-ADD4-9E0415EAEB79} = {2E6AE0F7-4D0D-4321-A4CF-763D17A0F7AE}
		{3BA314EF-EDBA-4CA8-B750-29925A815159} = {2E6AE0F7-4D0D-4321-A4CF-763D17A0F7AE}
	EndGlobalSection
	GlobalSection(ExtensibilityGlobals) = postSolution
		SolutionGuid = {F04A583D-60E9-4EF5-B310-7AFAE28CD97F}
	EndGlobalSection
EndGlobal
