
Microsoft Visual Studio Solution File, Format Version 12.00
# Visual Studio Version 16
VisualStudioVersion = 16.0.33927.289
MinimumVisualStudioVersion = 10.0.40219.1
Project("{2150E333-8FDC-42A3-9474-1A3956D46DE8}") = "Task0", "Task0", "{9C37080B-FACC-4F87-A8EE-EA1F3D58E086}"
EndProject
Project("{FAE04EC0-301F-11D3-BF4B-00C04F79EFBC}") = "Tyuiu.DevjatkovaAA.Sprint6.Task0.V20.Lib", "Tyuiu.DevjatkovaAA.Sprint6.Task0.V20.Lib\Tyuiu.DevjatkovaAA.Sprint6.Task0.V20.Lib.csproj", "{3C616232-7938-4154-A4A9-3F350010E626}"
EndProject
Project("{FAE04EC0-301F-11D3-BF4B-00C04F79EFBC}") = "Tyuiu.DevjatkovaAA.Sprint6.Task0.V20.Test", "Tyuiu.DevjatkovaAA.Sprint6.Task0.V20.Test\Tyuiu.DevjatkovaAA.Sprint6.Task0.V20.Test.csproj", "{E192BD57-65CD-408F-A72F-6B9D98FFB7E2}"
EndProject
Project("{FAE04EC0-301F-11D3-BF4B-00C04F79EFBC}") = "Tyuiu.DevjatkovaAA.Sprint6.Task0.V20", "Tyuiu.DevjatkovaAA.Sprint6.Task0.V20\Tyuiu.DevjatkovaAA.Sprint6.Task0.V20.csproj", "{4E21BA70-52D8-47B9-9482-A24EED95ADD3}"
EndProject
Project("{2150E333-8FDC-42A3-9474-1A3956D46DE8}") = "Task1", "Task1", "{2E6AE0F7-4D0D-4321-A4CF-763D17A0F7AE}"
EndProject
Project("{FAE04EC0-301F-11D3-BF4B-00C04F79EFBC}") = "Tyuiu.DevjatkovaAA.Sprint6.Task1.V29.Lib", "Tyuiu.DevjatkovaAA.Sprint6.Task1.V29.Lib\Tyuiu.DevjatkovaAA.Sprint6.Task1.V29.Lib.csproj", "{23030644-57F8-41D9-ACBC-D6200250DAB4}"
EndProject
Project("{FAE04EC0-301F-11D3-BF4B-00C04F79EFBC}") = "Tyuiu.DevjatkovaAA.Sprint6.Task1.V29.Test", "Tyuiu.DevjatkovaAA.Sprint6.Task1.V29.Test\Tyuiu.DevjatkovaAA.Sprint6.Task1.V29.Test.csproj", "{B3088BAB-FD16-4D05-ADD4-9E0415EAEB79}"
EndProject
Project("{FAE04EC0-301F-11D3-BF4B-00C04F79EFBC}") = "Tyuiu.DevjatkovaAA.Sprint6.Task1.V29", "Tyuiu.DevjatkovaAA.Sprint6.Task1.V29\Tyuiu.DevjatkovaAA.Sprint6.Task1.V29.csproj", "{3BA314EF-EDBA-4CA8-B750-29925A815159}"
EndProject
Project("{2150E333-8FDC-42A3-9474-1A3956D46DE8}") = "NewFolder1", "NewFolder1", "{6FE245AE-8D36-44B3-B095-FB4D3270ACEC}"
EndProject
Project("{FAE04EC0-301F-11D3-BF4B-00C04F79EFBC}") = "Tyuiu.DevjatkovaAA.Sprint6.Task2.V15", "Tyuiu.DevjatkovaAA.Sprint6.Task2.V15\Tyuiu.DevjatkovaAA.Sprint6.Task2.V15.csproj", "{2854937D-0ADA-4DD9-9041-8A6D1ABC6261}"
EndProject
Project("{FAE04EC0-301F-11D3-BF4B-00C04F79EFBC}") = "Tyuiu.DevjatkovaAA.Sprint6.Task2.V15.Lib", "Tyuiu.DevjatkovaAA.Sprint6.Task2.V15.Lib\Tyuiu.DevjatkovaAA.Sprint6.Task2.V15.Lib.csproj", "{FD0107D5-D234-4A14-AD1B-30ECF3A8D452}"
EndProject
Project("{FAE04EC0-301F-11D3-BF4B-00C04F79EFBC}") = "Tyuiu.DevjatkovaAA.Sprint6.Task2.V15.Test", "Tyuiu.DevjatkovaAA.Sprint6.Task2.V15.Test\Tyuiu.DevjatkovaAA.Sprint6.Task2.V15.Test.csproj", "{0C5EA559-EA63-4ED6-ABB8-65CEC2334CE9}"
EndProject
Project("{2150E333-8FDC-42A3-9474-1A3956D46DE8}") = "NewFolder2", "NewFolder2", "{A753D95A-5F01-4A56-9F0C-FA103A9D0865}"
EndProject
Project("{FAE04EC0-301F-11D3-BF4B-00C04F79EFBC}") = "Tyuiu.DevjatkovaAA.Sprint6.Task3.V13", "Tyuiu.DevjatkovaAA.Sprint6.Task3.V13\Tyuiu.DevjatkovaAA.Sprint6.Task3.V13.csproj", "{8C3358B7-CADC-4341-BBC6-2D869FC9AC74}"
EndProject
Project("{FAE04EC0-301F-11D3-BF4B-00C04F79EFBC}") = "Tyuiu.DevjatkovaAA.Sprint6.Task3.V13.Lib", "Tyuiu.DevjatkovaAA.Sprint6.Task3.V13.Lib\Tyuiu.DevjatkovaAA.Sprint6.Task3.V13.Lib.csproj", "{9407004E-6E7C-4B79-8A14-894299D7BBA2}"
EndProject
Project("{FAE04EC0-301F-11D3-BF4B-00C04F79EFBC}") = "Tyuiu.DevjatkovaAA.Sprint6.Task3.V13.Test", "Tyuiu.DevjatkovaAA.Sprint6.Task3.V13.Test\Tyuiu.DevjatkovaAA.Sprint6.Task3.V13.Test.csproj", "{401280C8-7972-4322-AC23-17CE6D79BC04}"
EndProject
Project("{2150E333-8FDC-42A3-9474-1A3956D46DE8}") = "NewFolder3", "NewFolder3", "{BB55D3B6-3291-4540-BBBA-545E439BFECB}"
EndProject
Project("{FAE04EC0-301F-11D3-BF4B-00C04F79EFBC}") = "Tyuiu.DevjatkovaAA.Sprint6.Task4.V3", "Tyuiu.DevjatkovaAA.Sprint6.Task4.V3\Tyuiu.DevjatkovaAA.Sprint6.Task4.V3.csproj", "{00DB8003-F8A6-4A13-B01C-3F28F76E6F45}"
EndProject
Project("{FAE04EC0-301F-11D3-BF4B-00C04F79EFBC}") = "Tyuiu.DevjatkovaAA.Sprint6.Task4.V3.Lib", "Tyuiu.DevjatkovaAA.Sprint6.Task4.V3.Lib\Tyuiu.DevjatkovaAA.Sprint6.Task4.V3.Lib.csproj", "{C9505DD8-BBAD-4E29-A2B0-8366EB85A59F}"
EndProject
Project("{FAE04EC0-301F-11D3-BF4B-00C04F79EFBC}") = "Tyuiu.DevjatkovaAA.Sprint6.Task4.V3.Test", "Tyuiu.DevjatkovaAA.Sprint6.Task4.V3.Test\Tyuiu.DevjatkovaAA.Sprint6.Task4.V3.Test.csproj", "{A909293A-5122-4489-8016-16B697B8E9FA}"
EndProject
Project("{2150E333-8FDC-42A3-9474-1A3956D46DE8}") = "NewFolder4", "NewFolder4", "{37106636-6E75-44C7-872F-621CF815EC79}"
EndProject
Project("{FAE04EC0-301F-11D3-BF4B-00C04F79EFBC}") = "Tyuiu.DevjatkovaAA.Sprint6.Task5.V25", "Tyuiu.DevjatkovaAA.Sprint6.Task5.V25\Tyuiu.DevjatkovaAA.Sprint6.Task5.V25.csproj", "{3B276D53-02F4-4125-9321-5130F8723914}"
EndProject
Project("{FAE04EC0-301F-11D3-BF4B-00C04F79EFBC}") = "Tyuiu.DevjatkovaAA.Sprint6.Task5.V25.Lib", "Tyuiu.DevjatkovaAA.Sprint6.Task5.V25.Lib\Tyuiu.DevjatkovaAA.Sprint6.Task5.V25.Lib.csproj", "{99D54C1D-C3A0-4959-84F8-8AF107151A82}"
EndProject
Project("{FAE04EC0-301F-11D3-BF4B-00C04F79EFBC}") = "Tyuiu.DevjatkovaAA.Sprint6.Task5.V25.Test", "Tyuiu.DevjatkovaAA.Sprint6.Task5.V25.Test\Tyuiu.DevjatkovaAA.Sprint6.Task5.V25.Test.csproj", "{5451D0D4-A307-46C1-A5B0-A125AE6F4AE0}"
EndProject
Project("{2150E333-8FDC-42A3-9474-1A3956D46DE8}") = "NewFolder5", "NewFolder5", "{47842798-22DF-471D-8AB5-19C734A07DA9}"
EndProject
Project("{FAE04EC0-301F-11D3-BF4B-00C04F79EFBC}") = "Tyuiu.DevjatkovaAA.Sprint6.Task6.V5", "Tyuiu.DevjatkovaAA.Sprint6.Task6.V5\Tyuiu.DevjatkovaAA.Sprint6.Task6.V5.csproj", "{FE52D0DE-7994-4E30-92BA-BDC040194850}"
EndProject
Project("{FAE04EC0-301F-11D3-BF4B-00C04F79EFBC}") = "Tyuiu.DevjatkovaAA.Sprint6.Task6.V5.Lib", "Tyuiu.DevjatkovaAA.Sprint6.Task6.V5.Lib\Tyuiu.DevjatkovaAA.Sprint6.Task6.V5.Lib.csproj", "{CCF56442-86E5-42EF-90AE-9A948EAB55CA}"
EndProject
Project("{FAE04EC0-301F-11D3-BF4B-00C04F79EFBC}") = "Tyuiu.DevjatkovaAA.Sprint6.Task6.V5.Test", "Tyuiu.DevjatkovaAA.Sprint6.Task6.V5.Test\Tyuiu.DevjatkovaAA.Sprint6.Task6.V5.Test.csproj", "{E2B2F327-623D-42EB-B74E-7B3A4284C0ED}"
EndProject
Global
	GlobalSection(SolutionConfigurationPlatforms) = preSolution
		Debug|Any CPU = Debug|Any CPU
		Release|Any CPU = Release|Any CPU
	EndGlobalSection
	GlobalSection(ProjectConfigurationPlatforms) = postSolution
		{3C616232-7938-4154-A4A9-3F350010E626}.Debug|Any CPU.ActiveCfg = Debug|Any CPU
		{3C616232-7938-4154-A4A9-3F350010E626}.Debug|Any CPU.Build.0 = Debug|Any CPU
		{3C616232-7938-4154-A4A9-3F350010E626}.Release|Any CPU.ActiveCfg = Release|Any CPU
		{3C616232-7938-4154-A4A9-3F350010E626}.Release|Any CPU.Build.0 = Release|Any CPU
		{E192BD57-65CD-408F-A72F-6B9D98FFB7E2}.Debug|Any CPU.ActiveCfg = Debug|Any CPU
		{E192BD57-65CD-408F-A72F-6B9D98FFB7E2}.Debug|Any CPU.Build.0 = Debug|Any CPU
		{E192BD57-65CD-408F-A72F-6B9D98FFB7E2}.Release|Any CPU.ActiveCfg = Release|Any CPU
		{E192BD57-65CD-408F-A72F-6B9D98FFB7E2}.Release|Any CPU.Build.0 = Release|Any CPU
		{4E21BA70-52D8-47B9-9482-A24EED95ADD3}.Debug|Any CPU.ActiveCfg = Debug|Any CPU
		{4E21BA70-52D8-47B9-9482-A24EED95ADD3}.Debug|Any CPU.Build.0 = Debug|Any CPU
		{4E21BA70-52D8-47B9-9482-A24EED95ADD3}.Release|Any CPU.ActiveCfg = Release|Any CPU
		{4E21BA70-52D8-47B9-9482-A24EED95ADD3}.Release|Any CPU.Build.0 = Release|Any CPU
		{23030644-57F8-41D9-ACBC-D6200250DAB4}.Debug|Any CPU.ActiveCfg = Debug|Any CPU
		{23030644-57F8-41D9-ACBC-D6200250DAB4}.Debug|Any CPU.Build.0 = Debug|Any CPU
		{23030644-57F8-41D9-ACBC-D6200250DAB4}.Release|Any CPU.ActiveCfg = Release|Any CPU
		{23030644-57F8-41D9-ACBC-D6200250DAB4}.Release|Any CPU.Build.0 = Release|Any CPU
		{B3088BAB-FD16-4D05-ADD4-9E0415EAEB79}.Debug|Any CPU.ActiveCfg = Debug|Any CPU
		{B3088BAB-FD16-4D05-ADD4-9E0415EAEB79}.Debug|Any CPU.Build.0 = Debug|Any CPU
		{B3088BAB-FD16-4D05-ADD4-9E0415EAEB79}.Release|Any CPU.ActiveCfg = Release|Any CPU
		{B3088BAB-FD16-4D05-ADD4-9E0415EAEB79}.Release|Any CPU.Build.0 = Release|Any CPU
		{3BA314EF-EDBA-4CA8-B750-29925A815159}.Debug|Any CPU.ActiveCfg = Debug|Any CPU
		{3BA314EF-EDBA-4CA8-B750-29925A815159}.Debug|Any CPU.Build.0 = Debug|Any CPU
		{3BA314EF-EDBA-4CA8-B750-29925A815159}.Release|Any CPU.ActiveCfg = Release|Any CPU
		{3BA314EF-EDBA-4CA8-B750-29925A815159}.Release|Any CPU.Build.0 = Release|Any CPU
		{2854937D-0ADA-4DD9-9041-8A6D1ABC6261}.Debug|Any CPU.ActiveCfg = Debug|Any CPU
		{2854937D-0ADA-4DD9-9041-8A6D1ABC6261}.Debug|Any CPU.Build.0 = Debug|Any CPU
		{2854937D-0ADA-4DD9-9041-8A6D1ABC6261}.Release|Any CPU.ActiveCfg = Release|Any CPU
		{2854937D-0ADA-4DD9-9041-8A6D1ABC6261}.Release|Any CPU.Build.0 = Release|Any CPU
		{FD0107D5-D234-4A14-AD1B-30ECF3A8D452}.Debug|Any CPU.ActiveCfg = Debug|Any CPU
		{FD0107D5-D234-4A14-AD1B-30ECF3A8D452}.Debug|Any CPU.Build.0 = Debug|Any CPU
		{FD0107D5-D234-4A14-AD1B-30ECF3A8D452}.Release|Any CPU.ActiveCfg = Release|Any CPU
		{FD0107D5-D234-4A14-AD1B-30ECF3A8D452}.Release|Any CPU.Build.0 = Release|Any CPU
		{0C5EA559-EA63-4ED6-ABB8-65CEC2334CE9}.Debug|Any CPU.ActiveCfg = Debug|Any CPU
		{0C5EA559-EA63-4ED6-ABB8-65CEC2334CE9}.Debug|Any CPU.Build.0 = Debug|Any CPU
		{0C5EA559-EA63-4ED6-ABB8-65CEC2334CE9}.Release|Any CPU.ActiveCfg = Release|Any CPU
		{0C5EA559-EA63-4ED6-ABB8-65CEC2334CE9}.Release|Any CPU.Build.0 = Release|Any CPU
		{8C3358B7-CADC-4341-BBC6-2D869FC9AC74}.Debug|Any CPU.ActiveCfg = Debug|Any CPU
		{8C3358B7-CADC-4341-BBC6-2D869FC9AC74}.Debug|Any CPU.Build.0 = Debug|Any CPU
		{8C3358B7-CADC-4341-BBC6-2D869FC9AC74}.Release|Any CPU.ActiveCfg = Release|Any CPU
		{8C3358B7-CADC-4341-BBC6-2D869FC9AC74}.Release|Any CPU.Build.0 = Release|Any CPU
		{9407004E-6E7C-4B79-8A14-894299D7BBA2}.Debug|Any CPU.ActiveCfg = Debug|Any CPU
		{9407004E-6E7C-4B79-8A14-894299D7BBA2}.Debug|Any CPU.Build.0 = Debug|Any CPU
		{9407004E-6E7C-4B79-8A14-894299D7BBA2}.Release|Any CPU.ActiveCfg = Release|Any CPU
		{9407004E-6E7C-4B79-8A14-894299D7BBA2}.Release|Any CPU.Build.0 = Release|Any CPU
		{401280C8-7972-4322-AC23-17CE6D79BC04}.Debug|Any CPU.ActiveCfg = Debug|Any CPU
		{401280C8-7972-4322-AC23-17CE6D79BC04}.Debug|Any CPU.Build.0 = Debug|Any CPU
		{401280C8-7972-4322-AC23-17CE6D79BC04}.Release|Any CPU.ActiveCfg = Release|Any CPU
		{401280C8-7972-4322-AC23-17CE6D79BC04}.Release|Any CPU.Build.0 = Release|Any CPU
		{00DB8003-F8A6-4A13-B01C-3F28F76E6F45}.Debug|Any CPU.ActiveCfg = Debug|Any CPU
		{00DB8003-F8A6-4A13-B01C-3F28F76E6F45}.Debug|Any CPU.Build.0 = Debug|Any CPU
		{00DB8003-F8A6-4A13-B01C-3F28F76E6F45}.Release|Any CPU.ActiveCfg = Release|Any CPU
		{00DB8003-F8A6-4A13-B01C-3F28F76E6F45}.Release|Any CPU.Build.0 = Release|Any CPU
		{C9505DD8-BBAD-4E29-A2B0-8366EB85A59F}.Debug|Any CPU.ActiveCfg = Debug|Any CPU
		{C9505DD8-BBAD-4E29-A2B0-8366EB85A59F}.Debug|Any CPU.Build.0 = Debug|Any CPU
		{C9505DD8-BBAD-4E29-A2B0-8366EB85A59F}.Release|Any CPU.ActiveCfg = Release|Any CPU
		{C9505DD8-BBAD-4E29-A2B0-8366EB85A59F}.Release|Any CPU.Build.0 = Release|Any CPU
		{A909293A-5122-4489-8016-16B697B8E9FA}.Debug|Any CPU.ActiveCfg = Debug|Any CPU
		{A909293A-5122-4489-8016-16B697B8E9FA}.Debug|Any CPU.Build.0 = Debug|Any CPU
		{A909293A-5122-4489-8016-16B697B8E9FA}.Release|Any CPU.ActiveCfg = Release|Any CPU
		{A909293A-5122-4489-8016-16B697B8E9FA}.Release|Any CPU.Build.0 = Release|Any CPU
		{3B276D53-02F4-4125-9321-5130F8723914}.Debug|Any CPU.ActiveCfg = Debug|Any CPU
		{3B276D53-02F4-4125-9321-5130F8723914}.Debug|Any CPU.Build.0 = Debug|Any CPU
		{3B276D53-02F4-4125-9321-5130F8723914}.Release|Any CPU.ActiveCfg = Release|Any CPU
		{3B276D53-02F4-4125-9321-5130F8723914}.Release|Any CPU.Build.0 = Release|Any CPU
		{99D54C1D-C3A0-4959-84F8-8AF107151A82}.Debug|Any CPU.ActiveCfg = Debug|Any CPU
		{99D54C1D-C3A0-4959-84F8-8AF107151A82}.Debug|Any CPU.Build.0 = Debug|Any CPU
		{99D54C1D-C3A0-4959-84F8-8AF107151A82}.Release|Any CPU.ActiveCfg = Release|Any CPU
		{99D54C1D-C3A0-4959-84F8-8AF107151A82}.Release|Any CPU.Build.0 = Release|Any CPU
		{5451D0D4-A307-46C1-A5B0-A125AE6F4AE0}.Debug|Any CPU.ActiveCfg = Debug|Any CPU
		{5451D0D4-A307-46C1-A5B0-A125AE6F4AE0}.Debug|Any CPU.Build.0 = Debug|Any CPU
		{5451D0D4-A307-46C1-A5B0-A125AE6F4AE0}.Release|Any CPU.ActiveCfg = Release|Any CPU
		{5451D0D4-A307-46C1-A5B0-A125AE6F4AE0}.Release|Any CPU.Build.0 = Release|Any CPU
		{FE52D0DE-7994-4E30-92BA-BDC040194850}.Debug|Any CPU.ActiveCfg = Debug|Any CPU
		{FE52D0DE-7994-4E30-92BA-BDC040194850}.Debug|Any CPU.Build.0 = Debug|Any CPU
		{FE52D0DE-7994-4E30-92BA-BDC040194850}.Release|Any CPU.ActiveCfg = Release|Any CPU
		{FE52D0DE-7994-4E30-92BA-BDC040194850}.Release|Any CPU.Build.0 = Release|Any CPU
		{CCF56442-86E5-42EF-90AE-9A948EAB55CA}.Debug|Any CPU.ActiveCfg = Debug|Any CPU
		{CCF56442-86E5-42EF-90AE-9A948EAB55CA}.Debug|Any CPU.Build.0 = Debug|Any CPU
		{CCF56442-86E5-42EF-90AE-9A948EAB55CA}.Release|Any CPU.ActiveCfg = Release|Any CPU
		{CCF56442-86E5-42EF-90AE-9A948EAB55CA}.Release|Any CPU.Build.0 = Release|Any CPU
		{E2B2F327-623D-42EB-B74E-7B3A4284C0ED}.Debug|Any CPU.ActiveCfg = Debug|Any CPU
		{E2B2F327-623D-42EB-B74E-7B3A4284C0ED}.Debug|Any CPU.Build.0 = Debug|Any CPU
		{E2B2F327-623D-42EB-B74E-7B3A4284C0ED}.Release|Any CPU.ActiveCfg = Release|Any CPU
		{E2B2F327-623D-42EB-B74E-7B3A4284C0ED}.Release|Any CPU.Build.0 = Release|Any CPU
	EndGlobalSection
	GlobalSection(SolutionProperties) = preSolution
		HideSolutionNode = FALSE
	EndGlobalSection
	GlobalSection(NestedProjects) = preSolution
		{3C616232-7938-4154-A4A9-3F350010E626} = {9C37080B-FACC-4F87-A8EE-EA1F3D58E086}
		{E192BD57-65CD-408F-A72F-6B9D98FFB7E2} = {9C37080B-FACC-4F87-A8EE-EA1F3D58E086}
		{4E21BA70-52D8-47B9-9482-A24EED95ADD3} = {9C37080B-FACC-4F87-A8EE-EA1F3D58E086}
		{23030644-57F8-41D9-ACBC-D6200250DAB4} = {2E6AE0F7-4D0D-4321-A4CF-763D17A0F7AE}
		{B3088BAB-FD16-4D05-ADD4-9E0415EAEB79} = {2E6AE0F7-4D0D-4321-A4CF-763D17A0F7AE}
		{3BA314EF-EDBA-4CA8-B750-29925A815159} = {2E6AE0F7-4D0D-4321-A4CF-763D17A0F7AE}
		{2854937D-0ADA-4DD9-9041-8A6D1ABC6261} = {6FE245AE-8D36-44B3-B095-FB4D3270ACEC}
		{FD0107D5-D234-4A14-AD1B-30ECF3A8D452} = {6FE245AE-8D36-44B3-B095-FB4D3270ACEC}
		{0C5EA559-EA63-4ED6-ABB8-65CEC2334CE9} = {6FE245AE-8D36-44B3-B095-FB4D3270ACEC}
		{8C3358B7-CADC-4341-BBC6-2D869FC9AC74} = {A753D95A-5F01-4A56-9F0C-FA103A9D0865}
		{9407004E-6E7C-4B79-8A14-894299D7BBA2} = {A753D95A-5F01-4A56-9F0C-FA103A9D0865}
		{401280C8-7972-4322-AC23-17CE6D79BC04} = {A753D95A-5F01-4A56-9F0C-FA103A9D0865}
		{00DB8003-F8A6-4A13-B01C-3F28F76E6F45} = {BB55D3B6-3291-4540-BBBA-545E439BFECB}
		{C9505DD8-BBAD-4E29-A2B0-8366EB85A59F} = {BB55D3B6-3291-4540-BBBA-545E439BFECB}
		{A909293A-5122-4489-8016-16B697B8E9FA} = {BB55D3B6-3291-4540-BBBA-545E439BFECB}
		{3B276D53-02F4-4125-9321-5130F8723914} = {37106636-6E75-44C7-872F-621CF815EC79}
		{99D54C1D-C3A0-4959-84F8-8AF107151A82} = {37106636-6E75-44C7-872F-621CF815EC79}
		{5451D0D4-A307-46C1-A5B0-A125AE6F4AE0} = {37106636-6E75-44C7-872F-621CF815EC79}
		{FE52D0DE-7994-4E30-92BA-BDC040194850} = {47842798-22DF-471D-8AB5-19C734A07DA9}
		{CCF56442-86E5-42EF-90AE-9A948EAB55CA} = {47842798-22DF-471D-8AB5-19C734A07DA9}
		{E2B2F327-623D-42EB-B74E-7B3A4284C0ED} = {47842798-22DF-471D-8AB5-19C734A07DA9}
	EndGlobalSection
	GlobalSection(ExtensibilityGlobals) = postSolution
		SolutionGuid = {F04A583D-60E9-4EF5-B310-7AFAE28CD97F}
	EndGlobalSection
EndGlobal
